
Microsoft Visual Studio Solution File, Format Version 12.00
# Visual Studio Version 17
VisualStudioVersion = 17.4.33403.182
MinimumVisualStudioVersion = 10.0.40219.1
Project("{8BC9CEB8-8B4A-11D0-8D11-00A0C91BC942}") = "PokemonBattlerClass", "PokemonBattlerClass.vcxproj", "{1B5EF61A-77A6-45A7-9CFE-DCDE1A031164}"
EndProject
Global
	GlobalSection(SolutionConfigurationPlatforms) = preSolution
		Debug|x64 = Debug|x64
		Debug|x86 = Debug|x86
		Release|x64 = Release|x64
		Release|x86 = Release|x86
	EndGlobalSection
	GlobalSection(ProjectConfigurationPlatforms) = postSolution
		{1B5EF61A-77A6-45A7-9CFE-DCDE1A031164}.Debug|x64.ActiveCfg = Debug|x64
		{1B5EF61A-77A6-45A7-9CFE-DCDE1A031164}.Debug|x64.Build.0 = Debug|x64
		{1B5EF61A-77A6-45A7-9CFE-DCDE1A031164}.Debug|x86.ActiveCfg = Debug|Win32
		{1B5EF61A-77A6-45A7-9CFE-DCDE1A031164}.Debug|x86.Build.0 = Debug|Win32
		{1B5EF61A-77A6-45A7-9CFE-DCDE1A031164}.Release|x64.ActiveCfg = Release|x64
		{1B5EF61A-77A6-45A7-9CFE-DCDE1A031164}.Release|x64.Build.0 = Release|x64
		{1B5EF61A-77A6-45A7-9CFE-DCDE1A031164}.Release|x86.ActiveCfg = Release|Win32
		{1B5EF61A-77A6-45A7-9CFE-DCDE1A031164}.Release|x86.Build.0 = Release|Win32
	EndGlobalSection
	GlobalSection(SolutionProperties) = preSolution
		HideSolutionNode = FALSE
	EndGlobalSection
	GlobalSection(ExtensibilityGlobals) = postSolution
		SolutionGuid = {3FEDFA07-F201-4D0D-B4AD-4FB1E08AFC10}
	EndGlobalSection
EndGlobal
